# This file is automatically @generated by Poetry 1.5.1 and should not be changed by hand.

[[package]]
name = "annotated-types"
version = "0.6.0"
description = "Reusable constraint types to use with typing.Annotated"
optional = false
python-versions = ">=3.8"
files = [
    {file = "annotated_types-0.6.0-py3-none-any.whl", hash = "sha256:0641064de18ba7a25dee8f96403ebc39113d0cb953a01429249d5c7564666a43"},
    {file = "annotated_types-0.6.0.tar.gz", hash = "sha256:563339e807e53ffd9c267e99fc6d9ea23eb8443c08f112651963e24e22f84a5d"},
]

[[package]]
name = "attrs"
version = "23.2.0"
description = "Classes Without Boilerplate"
optional = false
python-versions = ">=3.7"
files = [
    {file = "attrs-23.2.0-py3-none-any.whl", hash = "sha256:99b87a485a5820b23b879f04c2305b44b951b502fd64be915879d77a7e8fc6f1"},
    {file = "attrs-23.2.0.tar.gz", hash = "sha256:935dc3b529c262f6cf76e50877d35a4bd3c1de194fd41f47a2b7ae8f19971f30"},
]

[package.extras]
cov = ["attrs[tests]", "coverage[toml] (>=5.3)"]
dev = ["attrs[tests]", "pre-commit"]
docs = ["furo", "myst-parser", "sphinx", "sphinx-notfound-page", "sphinxcontrib-towncrier", "towncrier", "zope-interface"]
tests = ["attrs[tests-no-zope]", "zope-interface"]
tests-mypy = ["mypy (>=1.6)", "pytest-mypy-plugins"]
tests-no-zope = ["attrs[tests-mypy]", "cloudpickle", "hypothesis", "pympler", "pytest (>=4.3.0)", "pytest-xdist[psutil]"]

[[package]]
name = "colorama"
version = "0.4.6"
description = "Cross-platform colored terminal text."
optional = false
python-versions = "!=3.0.*,!=3.1.*,!=3.2.*,!=3.3.*,!=3.4.*,!=3.5.*,!=3.6.*,>=2.7"
files = [
    {file = "colorama-0.4.6-py2.py3-none-any.whl", hash = "sha256:4f1d9991f5acc0ca119f9d443620b77f9d6b33703e51011c16baf57afb285fc6"},
    {file = "colorama-0.4.6.tar.gz", hash = "sha256:08695f5cb7ed6e0531a20572697297273c47b8cae5a63ffc6d6ed5c201be6e44"},
]

[[package]]
name = "dnspython"
version = "2.6.1"
description = "DNS toolkit"
optional = false
python-versions = ">=3.8"
files = [
    {file = "dnspython-2.6.1-py3-none-any.whl", hash = "sha256:5ef3b9680161f6fa89daf8ad451b5f1a33b18ae8a1c6778cdf4b43f08c0a6e50"},
    {file = "dnspython-2.6.1.tar.gz", hash = "sha256:e8f0f9c23a7b7cb99ded64e6c3a6f3e701d78f50c55e002b839dea7225cff7cc"},
]

[package.extras]
dev = ["black (>=23.1.0)", "coverage (>=7.0)", "flake8 (>=7)", "mypy (>=1.8)", "pylint (>=3)", "pytest (>=7.4)", "pytest-cov (>=4.1.0)", "sphinx (>=7.2.0)", "twine (>=4.0.0)", "wheel (>=0.42.0)"]
dnssec = ["cryptography (>=41)"]
doh = ["h2 (>=4.1.0)", "httpcore (>=1.0.0)", "httpx (>=0.26.0)"]
doq = ["aioquic (>=0.9.25)"]
idna = ["idna (>=3.6)"]
trio = ["trio (>=0.23)"]
wmi = ["wmi (>=1.5.1)"]

[[package]]
name = "exceptiongroup"
version = "1.2.1"
description = "Backport of PEP 654 (exception groups)"
optional = false
python-versions = ">=3.7"
files = [
    {file = "exceptiongroup-1.2.1-py3-none-any.whl", hash = "sha256:5258b9ed329c5bbdd31a309f53cbfb0b155341807f6ff7606a1e801a891b29ad"},
    {file = "exceptiongroup-1.2.1.tar.gz", hash = "sha256:a4785e48b045528f5bfe627b6ad554ff32def154f42372786903b7abcfe1aa16"},
]

[package.extras]
test = ["pytest (>=6)"]

[[package]]
name = "iniconfig"
version = "2.0.0"
description = "brain-dead simple config-ini parsing"
optional = false
python-versions = ">=3.7"
files = [
    {file = "iniconfig-2.0.0-py3-none-any.whl", hash = "sha256:b6a85871a79d2e3b22d2d1b94ac2824226a63c6b741c88f7ae975f18b6778374"},
    {file = "iniconfig-2.0.0.tar.gz", hash = "sha256:2d91e135bf72d31a410b17c16da610a82cb55f6b0477d1a902134b24a455b8b3"},
]

[[package]]
name = "motor"
version = "3.4.0"
description = "Non-blocking MongoDB driver for Tornado or asyncio"
optional = false
python-versions = ">=3.7"
files = [
    {file = "motor-3.4.0-py3-none-any.whl", hash = "sha256:4b1e1a0cc5116ff73be2c080a72da078f2bb719b53bc7a6bb9e9a2f7dcd421ed"},
    {file = "motor-3.4.0.tar.gz", hash = "sha256:c89b4e4eb2e711345e91c7c9b122cb68cce0e5e869ed0387dd0acb10775e3131"},
]

[package.dependencies]
pymongo = ">=4.5,<5"

[package.extras]
aws = ["pymongo[aws] (>=4.5,<5)"]
encryption = ["pymongo[encryption] (>=4.5,<5)"]
gssapi = ["pymongo[gssapi] (>=4.5,<5)"]
ocsp = ["pymongo[ocsp] (>=4.5,<5)"]
snappy = ["pymongo[snappy] (>=4.5,<5)"]
srv = ["pymongo[srv] (>=4.5,<5)"]
test = ["aiohttp (!=3.8.6)", "mockupdb", "motor[encryption]", "pytest (>=7)", "tornado (>=5)"]
zstd = ["pymongo[zstd] (>=4.5,<5)"]

[[package]]
name = "packaging"
version = "24.0"
description = "Core utilities for Python packages"
optional = false
python-versions = ">=3.7"
files = [
    {file = "packaging-24.0-py3-none-any.whl", hash = "sha256:2ddfb553fdf02fb784c234c7ba6ccc288296ceabec964ad2eae3777778130bc5"},
    {file = "packaging-24.0.tar.gz", hash = "sha256:eb82c5e3e56209074766e6885bb04b8c38a0c015d0a30036ebe7ece34c9989e9"},
]

[[package]]
name = "pluggy"
version = "1.5.0"
description = "plugin and hook calling mechanisms for python"
optional = false
python-versions = ">=3.8"
files = [
    {file = "pluggy-1.5.0-py3-none-any.whl", hash = "sha256:44e1ad92c8ca002de6377e165f3e0f1be63266ab4d554740532335b9d75ea669"},
    {file = "pluggy-1.5.0.tar.gz", hash = "sha256:2cffa88e94fdc978c4c574f15f9e59b7f4201d439195c3715ca9e2486f1d0cf1"},
]

[package.extras]
dev = ["pre-commit", "tox"]
testing = ["pytest", "pytest-benchmark"]

[[package]]
name = "psycopg"
version = "3.1.19"
description = "PostgreSQL database adapter for Python"
optional = false
python-versions = ">=3.7"
files = [
    {file = "psycopg-3.1.19-py3-none-any.whl", hash = "sha256:dca5e5521c859f6606686432ae1c94e8766d29cc91f2ee595378c510cc5b0731"},
    {file = "psycopg-3.1.19.tar.gz", hash = "sha256:92d7b78ad82426cdcf1a0440678209faa890c6e1721361c2f8901f0dccd62961"},
]

[package.dependencies]
psycopg-binary = {version = "3.1.19", optional = true, markers = "implementation_name != \"pypy\" and extra == \"binary\""}
typing-extensions = ">=4.1"
tzdata = {version = "*", markers = "sys_platform == \"win32\""}

[package.extras]
binary = ["psycopg-binary (==3.1.19)"]
c = ["psycopg-c (==3.1.19)"]
dev = ["black (>=24.1.0)", "codespell (>=2.2)", "dnspython (>=2.1)", "flake8 (>=4.0)", "mypy (>=1.4.1)", "types-setuptools (>=57.4)", "wheel (>=0.37)"]
docs = ["Sphinx (>=5.0)", "furo (==2022.6.21)", "sphinx-autobuild (>=2021.3.14)", "sphinx-autodoc-typehints (>=1.12)"]
pool = ["psycopg-pool"]
test = ["anyio (>=3.6.2,<4.0)", "mypy (>=1.4.1)", "pproxy (>=2.7)", "pytest (>=6.2.5)", "pytest-cov (>=3.0)", "pytest-randomly (>=3.5)"]

[[package]]
name = "psycopg-binary"
version = "3.1.19"
description = "PostgreSQL database adapter for Python -- C optimisation distribution"
optional = false
python-versions = ">=3.7"
files = [
    {file = "psycopg_binary-3.1.19-cp310-cp310-macosx_10_9_x86_64.whl", hash = "sha256:7204818f05151dd08f8f851defb01972ec9d2cc925608eb0de232563f203f354"},
    {file = "psycopg_binary-3.1.19-cp310-cp310-macosx_11_0_arm64.whl", hash = "sha256:6d4e67fd86758dbeac85641419a54f84d74495a8683b58ad5dfad08b7fc37a8f"},
    {file = "psycopg_binary-3.1.19-cp310-cp310-manylinux_2_17_aarch64.manylinux2014_aarch64.whl", hash = "sha256:e12173e34b176e93ad2da913de30f774d5119c2d4d4640c6858d2d77dfa6c9bf"},
    {file = "psycopg_binary-3.1.19-cp310-cp310-manylinux_2_17_i686.manylinux2014_i686.whl", hash = "sha256:052f5193304066318853b4b2e248f523c8f52b371fc4e95d4ef63baee3f30955"},
    {file = "psycopg_binary-3.1.19-cp310-cp310-manylinux_2_17_ppc64le.manylinux2014_ppc64le.whl", hash = "sha256:29008f3f8977f600b8a7fb07c2e041b01645b08121760609cc45e861a0364dc9"},
    {file = "psycopg_binary-3.1.19-cp310-cp310-manylinux_2_17_x86_64.manylinux2014_x86_64.whl", hash = "sha256:7c6a9a651a08d876303ed059c9553df18b3c13c3406584a70a8f37f1a1fe2709"},
    {file = "psycopg_binary-3.1.19-cp310-cp310-musllinux_1_1_aarch64.whl", hash = "sha256:91a645e6468c4f064b7f4f3b81074bdd68fe5aa2b8c5107de15dcd85ba6141be"},
    {file = "psycopg_binary-3.1.19-cp310-cp310-musllinux_1_1_i686.whl", hash = "sha256:5c6956808fd5cf0576de5a602243af8e04594b25b9a28675feddc71c5526410a"},
    {file = "psycopg_binary-3.1.19-cp310-cp310-musllinux_1_1_ppc64le.whl", hash = "sha256:1622ca27d5a7a98f7d8f35e8b146dc7efda4a4b6241d2edf7e076bd6bcecbeb4"},
    {file = "psycopg_binary-3.1.19-cp310-cp310-musllinux_1_1_x86_64.whl", hash = "sha256:a100482950a55228f648bd382bb71bfaff520002f29845274fccbbf02e28bd52"},
    {file = "psycopg_binary-3.1.19-cp310-cp310-win_amd64.whl", hash = "sha256:955ca8905c0251fc4af7ce0a20999e824a25652f53a558ab548b60969f1f368e"},
    {file = "psycopg_binary-3.1.19-cp311-cp311-macosx_10_9_x86_64.whl", hash = "sha256:1cf49e91dcf699b8a449944ed898ef1466b39b92720613838791a551bc8f587a"},
    {file = "psycopg_binary-3.1.19-cp311-cp311-macosx_11_0_arm64.whl", hash = "sha256:964c307e400c5f33fa762ba1e19853e048814fcfbd9679cc923431adb7a2ead2"},
    {file = "psycopg_binary-3.1.19-cp311-cp311-manylinux_2_17_aarch64.manylinux2014_aarch64.whl", hash = "sha256:3433924e1b14074798331dc2bfae2af452ed7888067f2fc145835704d8981b15"},
    {file = "psycopg_binary-3.1.19-cp311-cp311-manylinux_2_17_i686.manylinux2014_i686.whl", hash = "sha256:00879d4c6be4b3afc510073f48a5e960f797200e261ab3d9bd9b7746a08c669d"},
    {file = "psycopg_binary-3.1.19-cp311-cp311-manylinux_2_17_ppc64le.manylinux2014_ppc64le.whl", hash = "sha256:34a6997c80f86d3dd80a4f078bb3b200079c47eeda4fd409d8899b883c90d2ac"},
    {file = "psycopg_binary-3.1.19-cp311-cp311-manylinux_2_17_x86_64.manylinux2014_x86_64.whl", hash = "sha256:0106e42b481677c41caa69474fe530f786dcef88b11b70000f0e45a03534bc8f"},
    {file = "psycopg_binary-3.1.19-cp311-cp311-musllinux_1_1_aarch64.whl", hash = "sha256:81efe09ba27533e35709905c3061db4dc9fb814f637360578d065e2061fbb116"},
    {file = "psycopg_binary-3.1.19-cp311-cp311-musllinux_1_1_i686.whl", hash = "sha256:d312d6dddc18d9c164e1893706269c293cba1923118349d375962b1188dafb01"},
    {file = "psycopg_binary-3.1.19-cp311-cp311-musllinux_1_1_ppc64le.whl", hash = "sha256:bfd2c734da9950f7afaad5f132088e0e1478f32f042881fca6651bb0c8d14206"},
    {file = "psycopg_binary-3.1.19-cp311-cp311-musllinux_1_1_x86_64.whl", hash = "sha256:8a732610a5a6b4f06dadcf9288688a8ff202fd556d971436a123b7adb85596e2"},
    {file = "psycopg_binary-3.1.19-cp311-cp311-win_amd64.whl", hash = "sha256:321814a9a3ad785855a821b842aba08ca1b7de7dfb2979a2f0492dca9ec4ae70"},
    {file = "psycopg_binary-3.1.19-cp312-cp312-macosx_10_9_x86_64.whl", hash = "sha256:4aa0ca13bb8a725bb6d12c13999217fd5bc8b86a12589f28a74b93e076fbb959"},
    {file = "psycopg_binary-3.1.19-cp312-cp312-macosx_11_0_arm64.whl", hash = "sha256:469424e354ebcec949aa6aa30e5a9edc352a899d9a68ad7a48f97df83cc914cf"},
    {file = "psycopg_binary-3.1.19-cp312-cp312-manylinux_2_17_aarch64.manylinux2014_aarch64.whl", hash = "sha256:b04f5349313529ae1f1c42fe1aa0443faaf50fdf12d13866c2cc49683bfa53d0"},
    {file = "psycopg_binary-3.1.19-cp312-cp312-manylinux_2_17_i686.manylinux2014_i686.whl", hash = "sha256:959feabddc7fffac89b054d6f23f3b3c62d7d3c90cd414a02e3747495597f150"},
    {file = "psycopg_binary-3.1.19-cp312-cp312-manylinux_2_17_ppc64le.manylinux2014_ppc64le.whl", hash = "sha256:e9da624a6ca4bc5f7fa1f03f8485446b5b81d5787b6beea2b4f8d9dbef878ad7"},
    {file = "psycopg_binary-3.1.19-cp312-cp312-manylinux_2_17_x86_64.manylinux2014_x86_64.whl", hash = "sha256:c1823221a6b96e38b15686170d4fc5b36073efcb87cce7d3da660440b50077f6"},
    {file = "psycopg_binary-3.1.19-cp312-cp312-musllinux_1_1_aarch64.whl", hash = "sha256:866db42f986298f0cf15d805225eb8df2228bf19f7997d7f1cb5f388cbfc6a0f"},
    {file = "psycopg_binary-3.1.19-cp312-cp312-musllinux_1_1_i686.whl", hash = "sha256:738c34657305b5973af6dbb6711b07b179dfdd21196d60039ca30a74bafe9648"},
    {file = "psycopg_binary-3.1.19-cp312-cp312-musllinux_1_1_ppc64le.whl", hash = "sha256:fb9758473200384a04374d0e0cac6f451218ff6945a024f65a1526802c34e56e"},
    {file = "psycopg_binary-3.1.19-cp312-cp312-musllinux_1_1_x86_64.whl", hash = "sha256:0e991632777e217953ac960726158987da684086dd813ac85038c595e7382c91"},
    {file = "psycopg_binary-3.1.19-cp312-cp312-win_amd64.whl", hash = "sha256:1d87484dd42c8783c44a30400949efb3d81ef2487eaa7d64d1c54df90cf8b97a"},
    {file = "psycopg_binary-3.1.19-cp37-cp37m-macosx_10_9_x86_64.whl", hash = "sha256:d1d1723d7449c12bb61aca7eb6e0c6ab2863cd8dc0019273cc4d4a1982f84bdb"},
    {file = "psycopg_binary-3.1.19-cp37-cp37m-manylinux_2_17_aarch64.manylinux2014_aarch64.whl", hash = "sha256:e538a8671005641fa195eab962f85cf0504defbd3b548c4c8fc27102a59f687b"},
    {file = "psycopg_binary-3.1.19-cp37-cp37m-manylinux_2_17_i686.manylinux2014_i686.whl", hash = "sha256:c50592bc8517092f40979e4a5d934f96a1737a77724bb1d121eb78b614b30fc8"},
    {file = "psycopg_binary-3.1.19-cp37-cp37m-manylinux_2_17_ppc64le.manylinux2014_ppc64le.whl", hash = "sha256:95f16ae82bc242b76cd3c3e5156441e2bd85ff9ec3a9869d750aad443e46073c"},
    {file = "psycopg_binary-3.1.19-cp37-cp37m-manylinux_2_17_x86_64.manylinux2014_x86_64.whl", hash = "sha256:aebd1e98e865e9a28ce0cb2c25b7dfd752f0d1f0a423165b55cd32a431dcc0f4"},
    {file = "psycopg_binary-3.1.19-cp37-cp37m-musllinux_1_1_aarch64.whl", hash = "sha256:49cd7af7d49e438a39593d1dd8cab106a1912536c2b78a4d814ebdff2786094e"},
    {file = "psycopg_binary-3.1.19-cp37-cp37m-musllinux_1_1_i686.whl", hash = "sha256:affebd61aa3b7a8880fd4ac3ee94722940125ff83ff485e1a7c76be9adaabb38"},
    {file = "psycopg_binary-3.1.19-cp37-cp37m-musllinux_1_1_ppc64le.whl", hash = "sha256:d1bac282f140fa092f2bbb6c36ed82270b4a21a6fc55d4b16748ed9f55e50fdb"},
    {file = "psycopg_binary-3.1.19-cp37-cp37m-musllinux_1_1_x86_64.whl", hash = "sha256:1285aa54449e362b1d30d92b2dc042ad3ee80f479cc4e323448d0a0a8a1641fa"},
    {file = "psycopg_binary-3.1.19-cp37-cp37m-win_amd64.whl", hash = "sha256:6cff31af8155dc9ee364098a328bab688c887c732c66b8d027e5b03818ca0287"},
    {file = "psycopg_binary-3.1.19-cp38-cp38-macosx_10_9_x86_64.whl", hash = "sha256:d9b689c4a17dd3130791dcbb8c30dbf05602f7c2d56c792e193fb49adc7bf5f8"},
    {file = "psycopg_binary-3.1.19-cp38-cp38-manylinux_2_17_aarch64.manylinux2014_aarch64.whl", hash = "sha256:017518bd2de4851adc826a224fb105411e148ad845e11355edd6786ba3dfedf5"},
    {file = "psycopg_binary-3.1.19-cp38-cp38-manylinux_2_17_i686.manylinux2014_i686.whl", hash = "sha256:c35fd811f339a3cbe7f9b54b2d9a5e592e57426c6cc1051632a62c59c4810208"},
    {file = "psycopg_binary-3.1.19-cp38-cp38-manylinux_2_17_ppc64le.manylinux2014_ppc64le.whl", hash = "sha256:38ed45ec9673709bfa5bc17f140e71dd4cca56d4e58ef7fd50d5a5043a4f55c6"},
    {file = "psycopg_binary-3.1.19-cp38-cp38-manylinux_2_17_x86_64.manylinux2014_x86_64.whl", hash = "sha256:433f1c256108f9e26f480a8cd6ddb0fb37dbc87d7f5a97e4540a9da9b881f23f"},
    {file = "psycopg_binary-3.1.19-cp38-cp38-musllinux_1_1_aarch64.whl", hash = "sha256:ed61e43bf5dc8d0936daf03a19fef3168d64191dbe66483f7ad08c4cea0bc36b"},
    {file = "psycopg_binary-3.1.19-cp38-cp38-musllinux_1_1_i686.whl", hash = "sha256:4ae8109ff9fdf1fa0cb87ab6645298693fdd2666a7f5f85660df88f6965e0bb7"},
    {file = "psycopg_binary-3.1.19-cp38-cp38-musllinux_1_1_ppc64le.whl", hash = "sha256:a53809ee02e3952fae7977c19b30fd828bd117b8f5edf17a3a94212feb57faaf"},
    {file = "psycopg_binary-3.1.19-cp38-cp38-musllinux_1_1_x86_64.whl", hash = "sha256:9d39d5ffc151fb33bcd55b99b0e8957299c0b1b3e5a1a5f4399c1287ef0051a9"},
    {file = "psycopg_binary-3.1.19-cp38-cp38-win_amd64.whl", hash = "sha256:e14bc8250000921fcccd53722f86b3b3d1b57db901e206e49e2ab2afc5919c2d"},
    {file = "psycopg_binary-3.1.19-cp39-cp39-macosx_10_9_x86_64.whl", hash = "sha256:cd88c5cea4efe614d5004fb5f5dcdea3d7d59422be796689e779e03363102d24"},
    {file = "psycopg_binary-3.1.19-cp39-cp39-manylinux_2_17_aarch64.manylinux2014_aarch64.whl", hash = "sha256:621a814e60825162d38760c66351b4df679fd422c848b7c2f86ad399bff27145"},
    {file = "psycopg_binary-3.1.19-cp39-cp39-manylinux_2_17_i686.manylinux2014_i686.whl", hash = "sha256:46e50c05952b59a214e27d3606f6d510aaa429daed898e16b8a37bfbacc81acc"},
    {file = "psycopg_binary-3.1.19-cp39-cp39-manylinux_2_17_ppc64le.manylinux2014_ppc64le.whl", hash = "sha256:03354a9db667c27946e70162cb0042c3929154167f3678a30d23cebfe0ad55b5"},
    {file = "psycopg_binary-3.1.19-cp39-cp39-manylinux_2_17_x86_64.manylinux2014_x86_64.whl", hash = "sha256:703c2f3b79037581afec7baa2bdbcb0a1787f1758744a7662099b0eca2d721cb"},
    {file = "psycopg_binary-3.1.19-cp39-cp39-musllinux_1_1_aarch64.whl", hash = "sha256:6469ebd9e93327e9f5f36dcf8692fb1e7aeaf70087c1c15d4f2c020e0be3a891"},
    {file = "psycopg_binary-3.1.19-cp39-cp39-musllinux_1_1_i686.whl", hash = "sha256:85bca9765c04b6be90cb46e7566ffe0faa2d7480ff5c8d5e055ac427f039fd24"},
    {file = "psycopg_binary-3.1.19-cp39-cp39-musllinux_1_1_ppc64le.whl", hash = "sha256:a836610d5c75e9cff98b9fdb3559c007c785c09eaa84a60d5d10ef6f85f671e8"},
    {file = "psycopg_binary-3.1.19-cp39-cp39-musllinux_1_1_x86_64.whl", hash = "sha256:ef8de7a1d9fb3518cc6b58e3c80b75a824209ad52b90c542686c912db8553dad"},
    {file = "psycopg_binary-3.1.19-cp39-cp39-win_amd64.whl", hash = "sha256:76fcd33342f38e35cd6b5408f1bc117d55ab8b16e5019d99b6d3ce0356c51717"},
]

[[package]]
name = "pydantic"
version = "2.7.1"
description = "Data validation using Python type hints"
optional = false
python-versions = ">=3.8"
files = [
    {file = "pydantic-2.7.1-py3-none-any.whl", hash = "sha256:e029badca45266732a9a79898a15ae2e8b14840b1eabbb25844be28f0b33f3d5"},
    {file = "pydantic-2.7.1.tar.gz", hash = "sha256:e9dbb5eada8abe4d9ae5f46b9939aead650cd2b68f249bb3a8139dbe125803cc"},
]

[package.dependencies]
annotated-types = ">=0.4.0"
pydantic-core = "2.18.2"
typing-extensions = ">=4.6.1"

[package.extras]
email = ["email-validator (>=2.0.0)"]

[[package]]
name = "pydantic-core"
version = "2.18.2"
description = "Core functionality for Pydantic validation and serialization"
optional = false
python-versions = ">=3.8"
files = [
    {file = "pydantic_core-2.18.2-cp310-cp310-macosx_10_12_x86_64.whl", hash = "sha256:9e08e867b306f525802df7cd16c44ff5ebbe747ff0ca6cf3fde7f36c05a59a81"},
    {file = "pydantic_core-2.18.2-cp310-cp310-macosx_11_0_arm64.whl", hash = "sha256:f0a21cbaa69900cbe1a2e7cad2aa74ac3cf21b10c3efb0fa0b80305274c0e8a2"},
    {file = "pydantic_core-2.18.2-cp310-cp310-manylinux_2_17_aarch64.manylinux2014_aarch64.whl", hash = "sha256:0680b1f1f11fda801397de52c36ce38ef1c1dc841a0927a94f226dea29c3ae3d"},
    {file = "pydantic_core-2.18.2-cp310-cp310-manylinux_2_17_armv7l.manylinux2014_armv7l.whl", hash = "sha256:95b9d5e72481d3780ba3442eac863eae92ae43a5f3adb5b4d0a1de89d42bb250"},
    {file = "pydantic_core-2.18.2-cp310-cp310-manylinux_2_17_ppc64le.manylinux2014_ppc64le.whl", hash = "sha256:c4fcf5cd9c4b655ad666ca332b9a081112cd7a58a8b5a6ca7a3104bc950f2038"},
    {file = "pydantic_core-2.18.2-cp310-cp310-manylinux_2_17_s390x.manylinux2014_s390x.whl", hash = "sha256:9b5155ff768083cb1d62f3e143b49a8a3432e6789a3abee8acd005c3c7af1c74"},
    {file = "pydantic_core-2.18.2-cp310-cp310-manylinux_2_17_x86_64.manylinux2014_x86_64.whl", hash = "sha256:553ef617b6836fc7e4df130bb851e32fe357ce36336d897fd6646d6058d980af"},
    {file = "pydantic_core-2.18.2-cp310-cp310-manylinux_2_5_i686.manylinux1_i686.whl", hash = "sha256:b89ed9eb7d616ef5714e5590e6cf7f23b02d0d539767d33561e3675d6f9e3857"},
    {file = "pydantic_core-2.18.2-cp310-cp310-musllinux_1_1_aarch64.whl", hash = "sha256:75f7e9488238e920ab6204399ded280dc4c307d034f3924cd7f90a38b1829563"},
    {file = "pydantic_core-2.18.2-cp310-cp310-musllinux_1_1_x86_64.whl", hash = "sha256:ef26c9e94a8c04a1b2924149a9cb081836913818e55681722d7f29af88fe7b38"},
    {file = "pydantic_core-2.18.2-cp310-none-win32.whl", hash = "sha256:182245ff6b0039e82b6bb585ed55a64d7c81c560715d1bad0cbad6dfa07b4027"},
    {file = "pydantic_core-2.18.2-cp310-none-win_amd64.whl", hash = "sha256:e23ec367a948b6d812301afc1b13f8094ab7b2c280af66ef450efc357d2ae543"},
    {file = "pydantic_core-2.18.2-cp311-cp311-macosx_10_12_x86_64.whl", hash = "sha256:219da3f096d50a157f33645a1cf31c0ad1fe829a92181dd1311022f986e5fbe3"},
    {file = "pydantic_core-2.18.2-cp311-cp311-macosx_11_0_arm64.whl", hash = "sha256:cc1cfd88a64e012b74e94cd00bbe0f9c6df57049c97f02bb07d39e9c852e19a4"},
    {file = "pydantic_core-2.18.2-cp311-cp311-manylinux_2_17_aarch64.manylinux2014_aarch64.whl", hash = "sha256:05b7133a6e6aeb8df37d6f413f7705a37ab4031597f64ab56384c94d98fa0e90"},
    {file = "pydantic_core-2.18.2-cp311-cp311-manylinux_2_17_armv7l.manylinux2014_armv7l.whl", hash = "sha256:224c421235f6102e8737032483f43c1a8cfb1d2f45740c44166219599358c2cd"},
    {file = "pydantic_core-2.18.2-cp311-cp311-manylinux_2_17_ppc64le.manylinux2014_ppc64le.whl", hash = "sha256:b14d82cdb934e99dda6d9d60dc84a24379820176cc4a0d123f88df319ae9c150"},
    {file = "pydantic_core-2.18.2-cp311-cp311-manylinux_2_17_s390x.manylinux2014_s390x.whl", hash = "sha256:2728b01246a3bba6de144f9e3115b532ee44bd6cf39795194fb75491824a1413"},
    {file = "pydantic_core-2.18.2-cp311-cp311-manylinux_2_17_x86_64.manylinux2014_x86_64.whl", hash = "sha256:470b94480bb5ee929f5acba6995251ada5e059a5ef3e0dfc63cca287283ebfa6"},
    {file = "pydantic_core-2.18.2-cp311-cp311-manylinux_2_5_i686.manylinux1_i686.whl", hash = "sha256:997abc4df705d1295a42f95b4eec4950a37ad8ae46d913caeee117b6b198811c"},
    {file = "pydantic_core-2.18.2-cp311-cp311-musllinux_1_1_aarch64.whl", hash = "sha256:75250dbc5290e3f1a0f4618db35e51a165186f9034eff158f3d490b3fed9f8a0"},
    {file = "pydantic_core-2.18.2-cp311-cp311-musllinux_1_1_x86_64.whl", hash = "sha256:4456f2dca97c425231d7315737d45239b2b51a50dc2b6f0c2bb181fce6207664"},
    {file = "pydantic_core-2.18.2-cp311-none-win32.whl", hash = "sha256:269322dcc3d8bdb69f054681edff86276b2ff972447863cf34c8b860f5188e2e"},
    {file = "pydantic_core-2.18.2-cp311-none-win_amd64.whl", hash = "sha256:800d60565aec896f25bc3cfa56d2277d52d5182af08162f7954f938c06dc4ee3"},
    {file = "pydantic_core-2.18.2-cp311-none-win_arm64.whl", hash = "sha256:1404c69d6a676245199767ba4f633cce5f4ad4181f9d0ccb0577e1f66cf4c46d"},
    {file = "pydantic_core-2.18.2-cp312-cp312-macosx_10_12_x86_64.whl", hash = "sha256:fb2bd7be70c0fe4dfd32c951bc813d9fe6ebcbfdd15a07527796c8204bd36242"},
    {file = "pydantic_core-2.18.2-cp312-cp312-macosx_11_0_arm64.whl", hash = "sha256:6132dd3bd52838acddca05a72aafb6eab6536aa145e923bb50f45e78b7251043"},
    {file = "pydantic_core-2.18.2-cp312-cp312-manylinux_2_17_aarch64.manylinux2014_aarch64.whl", hash = "sha256:d7d904828195733c183d20a54230c0df0eb46ec746ea1a666730787353e87182"},
    {file = "pydantic_core-2.18.2-cp312-cp312-manylinux_2_17_armv7l.manylinux2014_armv7l.whl", hash = "sha256:c9bd70772c720142be1020eac55f8143a34ec9f82d75a8e7a07852023e46617f"},
    {file = "pydantic_core-2.18.2-cp312-cp312-manylinux_2_17_ppc64le.manylinux2014_ppc64le.whl", hash = "sha256:2b8ed04b3582771764538f7ee7001b02e1170223cf9b75dff0bc698fadb00cf3"},
    {file = "pydantic_core-2.18.2-cp312-cp312-manylinux_2_17_s390x.manylinux2014_s390x.whl", hash = "sha256:e6dac87ddb34aaec85f873d737e9d06a3555a1cc1a8e0c44b7f8d5daeb89d86f"},
    {file = "pydantic_core-2.18.2-cp312-cp312-manylinux_2_17_x86_64.manylinux2014_x86_64.whl", hash = "sha256:7ca4ae5a27ad7a4ee5170aebce1574b375de390bc01284f87b18d43a3984df72"},
    {file = "pydantic_core-2.18.2-cp312-cp312-manylinux_2_5_i686.manylinux1_i686.whl", hash = "sha256:886eec03591b7cf058467a70a87733b35f44707bd86cf64a615584fd72488b7c"},
    {file = "pydantic_core-2.18.2-cp312-cp312-musllinux_1_1_aarch64.whl", hash = "sha256:ca7b0c1f1c983e064caa85f3792dd2fe3526b3505378874afa84baf662e12241"},
    {file = "pydantic_core-2.18.2-cp312-cp312-musllinux_1_1_x86_64.whl", hash = "sha256:4b4356d3538c3649337df4074e81b85f0616b79731fe22dd11b99499b2ebbdf3"},
    {file = "pydantic_core-2.18.2-cp312-none-win32.whl", hash = "sha256:8b172601454f2d7701121bbec3425dd71efcb787a027edf49724c9cefc14c038"},
    {file = "pydantic_core-2.18.2-cp312-none-win_amd64.whl", hash = "sha256:b1bd7e47b1558ea872bd16c8502c414f9e90dcf12f1395129d7bb42a09a95438"},
    {file = "pydantic_core-2.18.2-cp312-none-win_arm64.whl", hash = "sha256:98758d627ff397e752bc339272c14c98199c613f922d4a384ddc07526c86a2ec"},
    {file = "pydantic_core-2.18.2-cp38-cp38-macosx_10_12_x86_64.whl", hash = "sha256:9fdad8e35f278b2c3eb77cbdc5c0a49dada440657bf738d6905ce106dc1de439"},
    {file = "pydantic_core-2.18.2-cp38-cp38-macosx_11_0_arm64.whl", hash = "sha256:1d90c3265ae107f91a4f279f4d6f6f1d4907ac76c6868b27dc7fb33688cfb347"},
    {file = "pydantic_core-2.18.2-cp38-cp38-manylinux_2_17_aarch64.manylinux2014_aarch64.whl", hash = "sha256:390193c770399861d8df9670fb0d1874f330c79caaca4642332df7c682bf6b91"},
    {file = "pydantic_core-2.18.2-cp38-cp38-manylinux_2_17_armv7l.manylinux2014_armv7l.whl", hash = "sha256:82d5d4d78e4448683cb467897fe24e2b74bb7b973a541ea1dcfec1d3cbce39fb"},
    {file = "pydantic_core-2.18.2-cp38-cp38-manylinux_2_17_ppc64le.manylinux2014_ppc64le.whl", hash = "sha256:4774f3184d2ef3e14e8693194f661dea5a4d6ca4e3dc8e39786d33a94865cefd"},
    {file = "pydantic_core-2.18.2-cp38-cp38-manylinux_2_17_s390x.manylinux2014_s390x.whl", hash = "sha256:d4d938ec0adf5167cb335acb25a4ee69a8107e4984f8fbd2e897021d9e4ca21b"},
    {file = "pydantic_core-2.18.2-cp38-cp38-manylinux_2_17_x86_64.manylinux2014_x86_64.whl", hash = "sha256:e0e8b1be28239fc64a88a8189d1df7fad8be8c1ae47fcc33e43d4be15f99cc70"},
    {file = "pydantic_core-2.18.2-cp38-cp38-manylinux_2_5_i686.manylinux1_i686.whl", hash = "sha256:868649da93e5a3d5eacc2b5b3b9235c98ccdbfd443832f31e075f54419e1b96b"},
    {file = "pydantic_core-2.18.2-cp38-cp38-musllinux_1_1_aarch64.whl", hash = "sha256:78363590ef93d5d226ba21a90a03ea89a20738ee5b7da83d771d283fd8a56761"},
    {file = "pydantic_core-2.18.2-cp38-cp38-musllinux_1_1_x86_64.whl", hash = "sha256:852e966fbd035a6468fc0a3496589b45e2208ec7ca95c26470a54daed82a0788"},
    {file = "pydantic_core-2.18.2-cp38-none-win32.whl", hash = "sha256:6a46e22a707e7ad4484ac9ee9f290f9d501df45954184e23fc29408dfad61350"},
    {file = "pydantic_core-2.18.2-cp38-none-win_amd64.whl", hash = "sha256:d91cb5ea8b11607cc757675051f61b3d93f15eca3cefb3e6c704a5d6e8440f4e"},
    {file = "pydantic_core-2.18.2-cp39-cp39-macosx_10_12_x86_64.whl", hash = "sha256:ae0a8a797a5e56c053610fa7be147993fe50960fa43609ff2a9552b0e07013e8"},
    {file = "pydantic_core-2.18.2-cp39-cp39-macosx_11_0_arm64.whl", hash = "sha256:042473b6280246b1dbf530559246f6842b56119c2926d1e52b631bdc46075f2a"},
    {file = "pydantic_core-2.18.2-cp39-cp39-manylinux_2_17_aarch64.manylinux2014_aarch64.whl", hash = "sha256:1a388a77e629b9ec814c1b1e6b3b595fe521d2cdc625fcca26fbc2d44c816804"},
    {file = "pydantic_core-2.18.2-cp39-cp39-manylinux_2_17_armv7l.manylinux2014_armv7l.whl", hash = "sha256:e25add29b8f3b233ae90ccef2d902d0ae0432eb0d45370fe315d1a5cf231004b"},
    {file = "pydantic_core-2.18.2-cp39-cp39-manylinux_2_17_ppc64le.manylinux2014_ppc64le.whl", hash = "sha256:f459a5ce8434614dfd39bbebf1041952ae01da6bed9855008cb33b875cb024c0"},
    {file = "pydantic_core-2.18.2-cp39-cp39-manylinux_2_17_s390x.manylinux2014_s390x.whl", hash = "sha256:eff2de745698eb46eeb51193a9f41d67d834d50e424aef27df2fcdee1b153845"},
    {file = "pydantic_core-2.18.2-cp39-cp39-manylinux_2_17_x86_64.manylinux2014_x86_64.whl", hash = "sha256:a8309f67285bdfe65c372ea3722b7a5642680f3dba538566340a9d36e920b5f0"},
    {file = "pydantic_core-2.18.2-cp39-cp39-manylinux_2_5_i686.manylinux1_i686.whl", hash = "sha256:f93a8a2e3938ff656a7c1bc57193b1319960ac015b6e87d76c76bf14fe0244b4"},
    {file = "pydantic_core-2.18.2-cp39-cp39-musllinux_1_1_aarch64.whl", hash = "sha256:22057013c8c1e272eb8d0eebc796701167d8377441ec894a8fed1af64a0bf399"},
    {file = "pydantic_core-2.18.2-cp39-cp39-musllinux_1_1_x86_64.whl", hash = "sha256:cfeecd1ac6cc1fb2692c3d5110781c965aabd4ec5d32799773ca7b1456ac636b"},
    {file = "pydantic_core-2.18.2-cp39-none-win32.whl", hash = "sha256:0d69b4c2f6bb3e130dba60d34c0845ba31b69babdd3f78f7c0c8fae5021a253e"},
    {file = "pydantic_core-2.18.2-cp39-none-win_amd64.whl", hash = "sha256:d9319e499827271b09b4e411905b24a426b8fb69464dfa1696258f53a3334641"},
    {file = "pydantic_core-2.18.2-pp310-pypy310_pp73-macosx_10_12_x86_64.whl", hash = "sha256:a1874c6dd4113308bd0eb568418e6114b252afe44319ead2b4081e9b9521fe75"},
    {file = "pydantic_core-2.18.2-pp310-pypy310_pp73-macosx_11_0_arm64.whl", hash = "sha256:ccdd111c03bfd3666bd2472b674c6899550e09e9f298954cfc896ab92b5b0e6d"},
    {file = "pydantic_core-2.18.2-pp310-pypy310_pp73-manylinux_2_17_aarch64.manylinux2014_aarch64.whl", hash = "sha256:e18609ceaa6eed63753037fc06ebb16041d17d28199ae5aba0052c51449650a9"},
    {file = "pydantic_core-2.18.2-pp310-pypy310_pp73-manylinux_2_17_x86_64.manylinux2014_x86_64.whl", hash = "sha256:6e5c584d357c4e2baf0ff7baf44f4994be121e16a2c88918a5817331fc7599d7"},
    {file = "pydantic_core-2.18.2-pp310-pypy310_pp73-manylinux_2_5_i686.manylinux1_i686.whl", hash = "sha256:43f0f463cf89ace478de71a318b1b4f05ebc456a9b9300d027b4b57c1a2064fb"},
    {file = "pydantic_core-2.18.2-pp310-pypy310_pp73-musllinux_1_1_aarch64.whl", hash = "sha256:e1b395e58b10b73b07b7cf740d728dd4ff9365ac46c18751bf8b3d8cca8f625a"},
    {file = "pydantic_core-2.18.2-pp310-pypy310_pp73-musllinux_1_1_x86_64.whl", hash = "sha256:0098300eebb1c837271d3d1a2cd2911e7c11b396eac9661655ee524a7f10587b"},
    {file = "pydantic_core-2.18.2-pp310-pypy310_pp73-win_amd64.whl", hash = "sha256:36789b70d613fbac0a25bb07ab3d9dba4d2e38af609c020cf4d888d165ee0bf3"},
    {file = "pydantic_core-2.18.2-pp39-pypy39_pp73-macosx_10_12_x86_64.whl", hash = "sha256:3f9a801e7c8f1ef8718da265bba008fa121243dfe37c1cea17840b0944dfd72c"},
    {file = "pydantic_core-2.18.2-pp39-pypy39_pp73-macosx_11_0_arm64.whl", hash = "sha256:3a6515ebc6e69d85502b4951d89131ca4e036078ea35533bb76327f8424531ce"},
    {file = "pydantic_core-2.18.2-pp39-pypy39_pp73-manylinux_2_17_aarch64.manylinux2014_aarch64.whl", hash = "sha256:20aca1e2298c56ececfd8ed159ae4dde2df0781988c97ef77d5c16ff4bd5b400"},
    {file = "pydantic_core-2.18.2-pp39-pypy39_pp73-manylinux_2_17_x86_64.manylinux2014_x86_64.whl", hash = "sha256:223ee893d77a310a0391dca6df00f70bbc2f36a71a895cecd9a0e762dc37b349"},
    {file = "pydantic_core-2.18.2-pp39-pypy39_pp73-manylinux_2_5_i686.manylinux1_i686.whl", hash = "sha256:2334ce8c673ee93a1d6a65bd90327588387ba073c17e61bf19b4fd97d688d63c"},
    {file = "pydantic_core-2.18.2-pp39-pypy39_pp73-musllinux_1_1_aarch64.whl", hash = "sha256:cbca948f2d14b09d20268cda7b0367723d79063f26c4ffc523af9042cad95592"},
    {file = "pydantic_core-2.18.2-pp39-pypy39_pp73-musllinux_1_1_x86_64.whl", hash = "sha256:b3ef08e20ec49e02d5c6717a91bb5af9b20f1805583cb0adfe9ba2c6b505b5ae"},
    {file = "pydantic_core-2.18.2-pp39-pypy39_pp73-win_amd64.whl", hash = "sha256:c6fdc8627910eed0c01aed6a390a252fe3ea6d472ee70fdde56273f198938374"},
    {file = "pydantic_core-2.18.2.tar.gz", hash = "sha256:2e29d20810dfc3043ee13ac7d9e25105799817683348823f305ab3f349b9386e"},
]

[package.dependencies]
typing-extensions = ">=4.6.0,<4.7.0 || >4.7.0"

[[package]]
name = "pymongo"
version = "4.7.2"
description = "Python driver for MongoDB <http://www.mongodb.org>"
optional = false
python-versions = ">=3.7"
files = [
    {file = "pymongo-4.7.2-cp310-cp310-macosx_10_9_x86_64.whl", hash = "sha256:268d8578c0500012140c5460755ea405cbfe541ef47c81efa9d6744f0f99aeca"},
    {file = "pymongo-4.7.2-cp310-cp310-macosx_11_0_arm64.whl", hash = "sha256:827611beb6c483260d520cfa6a49662d980dfa5368a04296f65fa39e78fccea7"},
    {file = "pymongo-4.7.2-cp310-cp310-manylinux_2_17_aarch64.manylinux2014_aarch64.whl", hash = "sha256:a754e366c404d19ff3f077ddeed64be31e0bb515e04f502bf11987f1baa55a16"},
    {file = "pymongo-4.7.2-cp310-cp310-manylinux_2_17_ppc64le.manylinux2014_ppc64le.whl", hash = "sha256:c44efab10d9a3db920530f7bcb26af8f408b7273d2f0214081d3891979726328"},
    {file = "pymongo-4.7.2-cp310-cp310-manylinux_2_17_s390x.manylinux2014_s390x.whl", hash = "sha256:35b3f0c7d49724859d4df5f0445818d525824a6cd55074c42573d9b50764df67"},
    {file = "pymongo-4.7.2-cp310-cp310-manylinux_2_17_x86_64.manylinux2014_x86_64.whl", hash = "sha256:1e37faf298a37ffb3e0809e77fbbb0a32b6a2d18a83c59cfc2a7b794ea1136b0"},
    {file = "pymongo-4.7.2-cp310-cp310-manylinux_2_5_i686.manylinux1_i686.manylinux_2_17_i686.manylinux2014_i686.whl", hash = "sha256:d1bcd58669e56c08f1e72c5758868b5df169fe267501c949ee83c418e9df9155"},
    {file = "pymongo-4.7.2-cp310-cp310-win32.whl", hash = "sha256:c72d16fede22efe7cdd1f422e8da15760e9498024040429362886f946c10fe95"},
    {file = "pymongo-4.7.2-cp310-cp310-win_amd64.whl", hash = "sha256:12d1fef77d25640cb78893d07ff7d2fac4c4461d8eec45bd3b9ad491a1115d6e"},
    {file = "pymongo-4.7.2-cp311-cp311-macosx_10_9_x86_64.whl", hash = "sha256:fc5af24fcf5fc6f7f40d65446400d45dd12bea933d0299dc9e90c5b22197f1e9"},
    {file = "pymongo-4.7.2-cp311-cp311-macosx_11_0_arm64.whl", hash = "sha256:730778b6f0964b164c187289f906bbc84cb0524df285b7a85aa355bbec43eb21"},
    {file = "pymongo-4.7.2-cp311-cp311-manylinux_2_17_aarch64.manylinux2014_aarch64.whl", hash = "sha256:47a1a4832ef2f4346dcd1a10a36ade7367ad6905929ddb476459abb4fd1b98cb"},
    {file = "pymongo-4.7.2-cp311-cp311-manylinux_2_17_ppc64le.manylinux2014_ppc64le.whl", hash = "sha256:e6eab12c6385526d386543d6823b07187fefba028f0da216506e00f0e1855119"},
    {file = "pymongo-4.7.2-cp311-cp311-manylinux_2_17_s390x.manylinux2014_s390x.whl", hash = "sha256:37e9ea81fa59ee9274457ed7d59b6c27f6f2a5fe8e26f184ecf58ea52a019cb8"},
    {file = "pymongo-4.7.2-cp311-cp311-manylinux_2_17_x86_64.manylinux2014_x86_64.whl", hash = "sha256:7e9d9d2c0aae73aa4369bd373ac2ac59f02c46d4e56c4b6d6e250cfe85f76802"},
    {file = "pymongo-4.7.2-cp311-cp311-manylinux_2_5_i686.manylinux1_i686.manylinux_2_17_i686.manylinux2014_i686.whl", hash = "sha256:cb6e00a79dff22c9a72212ad82021b54bdb3b85f38a85f4fc466bde581d7d17a"},
    {file = "pymongo-4.7.2-cp311-cp311-win32.whl", hash = "sha256:02efd1bb3397e24ef2af45923888b41a378ce00cb3a4259c5f4fc3c70497a22f"},
    {file = "pymongo-4.7.2-cp311-cp311-win_amd64.whl", hash = "sha256:87bb453ac3eb44db95cb6d5a616fbc906c1c00661eec7f55696253a6245beb8a"},
    {file = "pymongo-4.7.2-cp312-cp312-macosx_10_9_x86_64.whl", hash = "sha256:12c466e02133b7f8f4ff1045c6b5916215c5f7923bc83fd6e28e290cba18f9f6"},
    {file = "pymongo-4.7.2-cp312-cp312-macosx_11_0_arm64.whl", hash = "sha256:f91073049c43d14e66696970dd708d319b86ee57ef9af359294eee072abaac79"},
    {file = "pymongo-4.7.2-cp312-cp312-manylinux_2_17_aarch64.manylinux2014_aarch64.whl", hash = "sha256:87032f818bf5052ab742812c715eff896621385c43f8f97cdd37d15b5d394e95"},
    {file = "pymongo-4.7.2-cp312-cp312-manylinux_2_17_ppc64le.manylinux2014_ppc64le.whl", hash = "sha256:6a87eef394039765679f75c6a47455a4030870341cb76eafc349c5944408c882"},
    {file = "pymongo-4.7.2-cp312-cp312-manylinux_2_17_s390x.manylinux2014_s390x.whl", hash = "sha256:d275596f840018858757561840767b39272ac96436fcb54f5cac6d245393fd97"},
    {file = "pymongo-4.7.2-cp312-cp312-manylinux_2_17_x86_64.manylinux2014_x86_64.whl", hash = "sha256:82102e353be13f1a6769660dd88115b1da382447672ba1c2662a0fbe3df1d861"},
    {file = "pymongo-4.7.2-cp312-cp312-manylinux_2_5_i686.manylinux1_i686.manylinux_2_17_i686.manylinux2014_i686.whl", hash = "sha256:194065c9d445017b3c82fb85f89aa2055464a080bde604010dc8eb932a6b3c95"},
    {file = "pymongo-4.7.2-cp312-cp312-win32.whl", hash = "sha256:db4380d1e69fdad1044a4b8f3bb105200542c49a0dde93452d938ff9db1d6d29"},
    {file = "pymongo-4.7.2-cp312-cp312-win_amd64.whl", hash = "sha256:fadc6e8db7707c861ebe25b13ad6aca19ea4d2c56bf04a26691f46c23dadf6e4"},
    {file = "pymongo-4.7.2-cp37-cp37m-macosx_10_9_x86_64.whl", hash = "sha256:2cb77d09bd012cb4b30636e7e38d00b5f9be5eb521c364bde66490c45ee6c4b4"},
    {file = "pymongo-4.7.2-cp37-cp37m-manylinux_2_17_aarch64.manylinux2014_aarch64.whl", hash = "sha256:56bf8b706946952acdea0fe478f8e44f1ed101c4b87f046859e6c3abe6c0a9f4"},
    {file = "pymongo-4.7.2-cp37-cp37m-manylinux_2_17_ppc64le.manylinux2014_ppc64le.whl", hash = "sha256:bcf337d1b252405779d9c79978d6ca15eab3cdaa2f44c100a79221bddad97c8a"},
    {file = "pymongo-4.7.2-cp37-cp37m-manylinux_2_17_s390x.manylinux2014_s390x.whl", hash = "sha256:4ffd1519edbe311df73c74ec338de7d294af535b2748191c866ea3a7c484cd15"},
    {file = "pymongo-4.7.2-cp37-cp37m-manylinux_2_17_x86_64.manylinux2014_x86_64.whl", hash = "sha256:d4d59776f435564159196d971aa89422ead878174aff8fe18e06d9a0bc6d648c"},
    {file = "pymongo-4.7.2-cp37-cp37m-manylinux_2_5_i686.manylinux1_i686.manylinux_2_17_i686.manylinux2014_i686.whl", hash = "sha256:347c49cf7f0ba49ea87c1a5a1984187ecc5516b7c753f31938bf7b37462824fd"},
    {file = "pymongo-4.7.2-cp37-cp37m-manylinux_2_5_i686.manylinux1_i686.whl", hash = "sha256:84bc00200c3cbb6c98a2bb964c9e8284b641e4a33cf10c802390552575ee21de"},
    {file = "pymongo-4.7.2-cp37-cp37m-manylinux_2_5_x86_64.manylinux1_x86_64.whl", hash = "sha256:fcaf8c911cb29316a02356f89dbc0e0dfcc6a712ace217b6b543805690d2aefd"},
    {file = "pymongo-4.7.2-cp37-cp37m-win32.whl", hash = "sha256:b48a5650ee5320d59f6d570bd99a8d5c58ac6f297a4e9090535f6561469ac32e"},
    {file = "pymongo-4.7.2-cp37-cp37m-win_amd64.whl", hash = "sha256:5239ef7e749f1326ea7564428bf861d5250aa39d7f26d612741b1b1273227062"},
    {file = "pymongo-4.7.2-cp38-cp38-macosx_10_9_x86_64.whl", hash = "sha256:d2dcf608d35644e8d276d61bf40a93339d8d66a0e5f3e3f75b2c155a421a1b71"},
    {file = "pymongo-4.7.2-cp38-cp38-macosx_11_0_arm64.whl", hash = "sha256:25eeb2c18ede63891cbd617943dd9e6b9cbccc54f276e0b2e693a0cc40f243c5"},
    {file = "pymongo-4.7.2-cp38-cp38-manylinux_2_17_aarch64.manylinux2014_aarch64.whl", hash = "sha256:9349f0bb17a31371d4cacb64b306e4ca90413a3ad1fffe73ac7cd495570d94b5"},
    {file = "pymongo-4.7.2-cp38-cp38-manylinux_2_17_ppc64le.manylinux2014_ppc64le.whl", hash = "sha256:ffd4d7cb2e6c6e100e2b39606d38a9ffc934e18593dc9bb326196afc7d93ce3d"},
    {file = "pymongo-4.7.2-cp38-cp38-manylinux_2_17_s390x.manylinux2014_s390x.whl", hash = "sha256:9a8bd37f5dabc86efceb8d8cbff5969256523d42d08088f098753dba15f3b37a"},
    {file = "pymongo-4.7.2-cp38-cp38-manylinux_2_17_x86_64.manylinux2014_x86_64.whl", hash = "sha256:1c78f156edc59b905c80c9003e022e1a764c54fd40ac4fea05b0764f829790e2"},
    {file = "pymongo-4.7.2-cp38-cp38-manylinux_2_5_i686.manylinux1_i686.manylinux_2_17_i686.manylinux2014_i686.whl", hash = "sha256:9d892fb91e81cccb83f507cdb2ea0aa026ec3ced7f12a1d60f6a5bf0f20f9c1f"},
    {file = "pymongo-4.7.2-cp38-cp38-manylinux_2_5_i686.manylinux1_i686.whl", hash = "sha256:87832d6076c2c82f42870157414fd876facbb6554d2faf271ffe7f8f30ce7bed"},
    {file = "pymongo-4.7.2-cp38-cp38-manylinux_2_5_x86_64.manylinux1_x86_64.whl", hash = "sha256:ce1a374ea0e49808e0380ffc64284c0ce0f12bd21042b4bef1af3eb7bdf49054"},
    {file = "pymongo-4.7.2-cp38-cp38-win32.whl", hash = "sha256:eb0642e5f0dd7e86bb358749cc278e70b911e617f519989d346f742dc9520dfb"},
    {file = "pymongo-4.7.2-cp38-cp38-win_amd64.whl", hash = "sha256:4bdb5ffe1cd3728c9479671a067ef44dacafc3743741d4dc700c377c4231356f"},
    {file = "pymongo-4.7.2-cp39-cp39-macosx_10_9_x86_64.whl", hash = "sha256:743552033c63f0afdb56b9189ab04b5c1dbffd7310cf7156ab98eebcecf24621"},
    {file = "pymongo-4.7.2-cp39-cp39-macosx_11_0_arm64.whl", hash = "sha256:5239776633f7578b81207e5646245415a5a95f6ae5ef5dff8e7c2357e6264bfc"},
    {file = "pymongo-4.7.2-cp39-cp39-manylinux_2_17_aarch64.manylinux2014_aarch64.whl", hash = "sha256:727ad07952c155cd20045f2ce91143c7dc4fb01a5b4e8012905a89a7da554b0c"},
    {file = "pymongo-4.7.2-cp39-cp39-manylinux_2_17_ppc64le.manylinux2014_ppc64le.whl", hash = "sha256:9385654f01a90f73827af4db90c290a1519f7d9102ba43286e187b373e9a78e9"},
    {file = "pymongo-4.7.2-cp39-cp39-manylinux_2_17_s390x.manylinux2014_s390x.whl", hash = "sha256:0d833651f1ba938bb7501f13e326b96cfbb7d98867b2d545ca6d69c7664903e0"},
    {file = "pymongo-4.7.2-cp39-cp39-manylinux_2_17_x86_64.manylinux2014_x86_64.whl", hash = "sha256:cf17ea9cea14d59b0527403dd7106362917ced7c4ec936c4ba22bd36c912c8e0"},
    {file = "pymongo-4.7.2-cp39-cp39-manylinux_2_5_i686.manylinux1_i686.manylinux_2_17_i686.manylinux2014_i686.whl", hash = "sha256:cecd2df037249d1c74f0af86fb5b766104a5012becac6ff63d85d1de53ba8b98"},
    {file = "pymongo-4.7.2-cp39-cp39-manylinux_2_5_i686.manylinux1_i686.whl", hash = "sha256:65b4c00dedbd333698b83cd2095a639a6f0d7c4e2a617988f6c65fb46711f028"},
    {file = "pymongo-4.7.2-cp39-cp39-manylinux_2_5_x86_64.manylinux1_x86_64.whl", hash = "sha256:d9b6cbc037108ff1a0a867e7670d8513c37f9bcd9ee3d2464411bfabf70ca002"},
    {file = "pymongo-4.7.2-cp39-cp39-win32.whl", hash = "sha256:cf28430ec1924af1bffed37b69a812339084697fd3f3e781074a0148e6475803"},
    {file = "pymongo-4.7.2-cp39-cp39-win_amd64.whl", hash = "sha256:e004527ea42a6b99a8b8d5b42b42762c3bdf80f88fbdb5c3a9d47f3808495b86"},
    {file = "pymongo-4.7.2.tar.gz", hash = "sha256:9024e1661c6e40acf468177bf90ce924d1bc681d2b244adda3ed7b2f4c4d17d7"},
]

[package.dependencies]
dnspython = ">=1.16.0,<3.0.0"

[package.extras]
aws = ["pymongo-auth-aws (>=1.1.0,<2.0.0)"]
encryption = ["certifi", "pymongo-auth-aws (>=1.1.0,<2.0.0)", "pymongocrypt (>=1.6.0,<2.0.0)"]
gssapi = ["pykerberos", "winkerberos (>=0.5.0)"]
ocsp = ["certifi", "cryptography (>=2.5)", "pyopenssl (>=17.2.0)", "requests (<3.0.0)", "service-identity (>=18.1.0)"]
snappy = ["python-snappy"]
test = ["pytest (>=7)"]
zstd = ["zstandard"]

[[package]]
name = "pytest"
version = "7.4.4"
description = "pytest: simple powerful testing with Python"
optional = false
python-versions = ">=3.7"
files = [
    {file = "pytest-7.4.4-py3-none-any.whl", hash = "sha256:b090cdf5ed60bf4c45261be03239c2c1c22df034fbffe691abe93cd80cea01d8"},
    {file = "pytest-7.4.4.tar.gz", hash = "sha256:2cf0005922c6ace4a3e2ec8b4080eb0d9753fdc93107415332f50ce9e7994280"},
]

[package.dependencies]
colorama = {version = "*", markers = "sys_platform == \"win32\""}
exceptiongroup = {version = ">=1.0.0rc8", markers = "python_version < \"3.11\""}
iniconfig = "*"
packaging = "*"
pluggy = ">=0.12,<2.0"
tomli = {version = ">=1.0.0", markers = "python_version < \"3.11\""}

[package.extras]
testing = ["argcomplete", "attrs (>=19.2.0)", "hypothesis (>=3.56)", "mock", "nose", "pygments (>=2.7.2)", "requests", "setuptools", "xmlschema"]

[[package]]
name = "pytest-asyncio"
version = "0.23.6"
description = "Pytest support for asyncio"
optional = false
python-versions = ">=3.8"
files = [
    {file = "pytest-asyncio-0.23.6.tar.gz", hash = "sha256:ffe523a89c1c222598c76856e76852b787504ddb72dd5d9b6617ffa8aa2cde5f"},
    {file = "pytest_asyncio-0.23.6-py3-none-any.whl", hash = "sha256:68516fdd1018ac57b846c9846b954f0393b26f094764a28c955eabb0536a4e8a"},
]

[package.dependencies]
pytest = ">=7.0.0,<9"

[package.extras]
docs = ["sphinx (>=5.3)", "sphinx-rtd-theme (>=1.0)"]
testing = ["coverage (>=6.2)", "hypothesis (>=5.7.1)"]

[[package]]
name = "tomli"
version = "2.0.1"
description = "A lil' TOML parser"
optional = false
python-versions = ">=3.7"
files = [
    {file = "tomli-2.0.1-py3-none-any.whl", hash = "sha256:939de3e7a6161af0c887ef91b7d41a53e7c5a1ca976325f429cb46ea9bc30ecc"},
    {file = "tomli-2.0.1.tar.gz", hash = "sha256:de526c12914f0c550d15924c62d72abc48d6fe7364aa87328337a31007fe8a4f"},
]

[[package]]
name = "tramp"
version = "0.1.5"
description = "No idea but we have a result type!"
optional = false
python-versions = "<4.0,>=3.10"
files = [
    {file = "tramp-0.1.5-py3-none-any.whl", hash = "sha256:41f23c4abcab0d003a27e8e01b969c99a53b0cf732b52011f566a350e03d76a3"},
    {file = "tramp-0.1.5.tar.gz", hash = "sha256:3d89672dc21c2bede9ca8b037a605e2c0160dc04cf8687ecdeee29edb2296afd"},
]

[[package]]
name = "typing-extensions"
version = "4.11.0"
description = "Backported and Experimental Type Hints for Python 3.8+"
optional = false
python-versions = ">=3.8"
files = [
    {file = "typing_extensions-4.11.0-py3-none-any.whl", hash = "sha256:c1f94d72897edaf4ce775bb7558d5b79d8126906a14ea5ed1635921406c0387a"},
    {file = "typing_extensions-4.11.0.tar.gz", hash = "sha256:83f085bd5ca59c80295fc2a82ab5dac679cbe02b9f33f7d83af68e241bea51b0"},
]

[[package]]
name = "tzdata"
version = "2024.1"
description = "Provider of IANA time zone data"
optional = false
python-versions = ">=2"
files = [
    {file = "tzdata-2024.1-py2.py3-none-any.whl", hash = "sha256:9068bc196136463f5245e51efda838afa15aaeca9903f49050dfa2679db4d252"},
    {file = "tzdata-2024.1.tar.gz", hash = "sha256:2674120f8d891909751c38abcdfd386ac0a5a1127954fbc332af6b5ceae07efd"},
]

[metadata]
lock-version = "2.0"
python-versions = "^3.10"
content-hash = "8340e182a93948e24c7404914cc03ac7e1d0d59fafadd9fec00c7874055418b2"
